
Microsoft Visual Studio Solution File, Format Version 12.00
# Visual Studio Version 17
VisualStudioVersion = 17.14.36310.24 d17.14
MinimumVisualStudioVersion = 10.0.40219.1
Project("{FAE04EC0-301F-11D3-BF4B-00C04F79EFBC}") = "d4", "d4.csproj", "{EE7C9E1C-159E-4E67-BB0F-7302890759C5}"
EndProject
Global
	GlobalSection(SolutionConfigurationPlatforms) = preSolution
		Debug|Any CPU = Debug|Any CPU
		Release|Any CPU = Release|Any CPU
	EndGlobalSection
	GlobalSection(ProjectConfigurationPlatforms) = postSolution
		{EE7C9E1C-159E-4E67-BB0F-7302890759C5}.Debug|Any CPU.ActiveCfg = Debug|Any CPU
		{EE7C9E1C-159E-4E67-BB0F-7302890759C5}.Debug|Any CPU.Build.0 = Debug|Any CPU
		{EE7C9E1C-159E-4E67-BB0F-7302890759C5}.Release|Any CPU.ActiveCfg = Release|Any CPU
		{EE7C9E1C-159E-4E67-BB0F-7302890759C5}.Release|Any CPU.Build.0 = Release|Any CPU
	EndGlobalSection
	GlobalSection(SolutionProperties) = preSolution
		HideSolutionNode = FALSE
	EndGlobalSection
	GlobalSection(ExtensibilityGlobals) = postSolution
		SolutionGuid = {BCF71DB2-EE9B-4AB9-97A5-7389B3054295}
	EndGlobalSection
EndGlobal
